
Microsoft Visual Studio Solution File, Format Version 12.00
# Visual Studio Version 17
VisualStudioVersion = 17.4.33205.214
MinimumVisualStudioVersion = 10.0.40219.1
Project("{9A19103F-16F7-4668-BE54-9A1E7A4F7556}") = "EmployeeApi", "EmployeeApi\EmployeeApi.csproj", "{11604043-CD26-4255-B6FF-3ECBEB956BE1}"
EndProject
Project("{FAE04EC0-301F-11D3-BF4B-00C04F79EFBC}") = "EmployeeApiTests", "EmployeeApiTests\EmployeeApiTests.csproj", "{BA92CEDF-5329-40EA-A389-E2DBB4597B03}"
EndProject
Global
	GlobalSection(SolutionConfigurationPlatforms) = preSolution
		Debug|Any CPU = Debug|Any CPU
		Release|Any CPU = Release|Any CPU
	EndGlobalSection
	GlobalSection(ProjectConfigurationPlatforms) = postSolution
		{11604043-CD26-4255-B6FF-3ECBEB956BE1}.Debug|Any CPU.ActiveCfg = Debug|Any CPU
		{11604043-CD26-4255-B6FF-3ECBEB956BE1}.Debug|Any CPU.Build.0 = Debug|Any CPU
		{11604043-CD26-4255-B6FF-3ECBEB956BE1}.Release|Any CPU.ActiveCfg = Release|Any CPU
		{11604043-CD26-4255-B6FF-3ECBEB956BE1}.Release|Any CPU.Build.0 = Release|Any CPU
		{BA92CEDF-5329-40EA-A389-E2DBB4597B03}.Debug|Any CPU.ActiveCfg = Debug|Any CPU
		{BA92CEDF-5329-40EA-A389-E2DBB4597B03}.Debug|Any CPU.Build.0 = Debug|Any CPU
		{BA92CEDF-5329-40EA-A389-E2DBB4597B03}.Release|Any CPU.ActiveCfg = Release|Any CPU
		{BA92CEDF-5329-40EA-A389-E2DBB4597B03}.Release|Any CPU.Build.0 = Release|Any CPU
	EndGlobalSection
	GlobalSection(SolutionProperties) = preSolution
		HideSolutionNode = FALSE
	EndGlobalSection
	GlobalSection(ExtensibilityGlobals) = postSolution
		SolutionGuid = {B0A243E4-6E40-4AAA-ACC4-8472927FC0D5}
	EndGlobalSection
EndGlobal
